
Microsoft Visual Studio Solution File, Format Version 12.00
Project("{FAE04EC0-301F-11D3-BF4B-00C04F79EFBC}") = "Task1", "Task1\Task1.csproj", "{DFDA237E-5218-4699-9855-85B9A3E8FEC6}"
EndProject
Project("{FAE04EC0-301F-11D3-BF4B-00C04F79EFBC}") = "Task2", "..\Task2\Task2.csproj", "{559D1D1A-23AA-4946-9F30-28DF6DF3ED76}"
EndProject
Project("{FAE04EC0-301F-11D3-BF4B-00C04F79EFBC}") = "Task3", "..\Task3\Task3.csproj", "{A2020207-DA65-49BD-BF68-302115A9627C}"
EndProject
Project("{FAE04EC0-301F-11D3-BF4B-00C04F79EFBC}") = "Task4", "..\Task4\Task4.csproj", "{84A7154A-9DA7-4D60-9F32-FD02080B1050}"
EndProject
Project("{FAE04EC0-301F-11D3-BF4B-00C04F79EFBC}") = "Task5", "..\Task5\Task5.csproj", "{4103B8EC-AFE3-4EA9-A3F6-A50DB07471CF}"
EndProject
Project("{FAE04EC0-301F-11D3-BF4B-00C04F79EFBC}") = "Task6", "..\Task6\Task6.csproj", "{356A1896-67BF-4FCF-98A9-634E64C90CA9}"
EndProject
Global
	GlobalSection(SolutionConfigurationPlatforms) = preSolution
		Debug|Any CPU = Debug|Any CPU
		Release|Any CPU = Release|Any CPU
	EndGlobalSection
	GlobalSection(ProjectConfigurationPlatforms) = postSolution
		{DFDA237E-5218-4699-9855-85B9A3E8FEC6}.Debug|Any CPU.ActiveCfg = Debug|Any CPU
		{DFDA237E-5218-4699-9855-85B9A3E8FEC6}.Debug|Any CPU.Build.0 = Debug|Any CPU
		{DFDA237E-5218-4699-9855-85B9A3E8FEC6}.Release|Any CPU.ActiveCfg = Release|Any CPU
		{DFDA237E-5218-4699-9855-85B9A3E8FEC6}.Release|Any CPU.Build.0 = Release|Any CPU
		{559D1D1A-23AA-4946-9F30-28DF6DF3ED76}.Debug|Any CPU.ActiveCfg = Debug|Any CPU
		{559D1D1A-23AA-4946-9F30-28DF6DF3ED76}.Debug|Any CPU.Build.0 = Debug|Any CPU
		{559D1D1A-23AA-4946-9F30-28DF6DF3ED76}.Release|Any CPU.ActiveCfg = Release|Any CPU
		{559D1D1A-23AA-4946-9F30-28DF6DF3ED76}.Release|Any CPU.Build.0 = Release|Any CPU
		{A2020207-DA65-49BD-BF68-302115A9627C}.Debug|Any CPU.ActiveCfg = Debug|Any CPU
		{A2020207-DA65-49BD-BF68-302115A9627C}.Debug|Any CPU.Build.0 = Debug|Any CPU
		{A2020207-DA65-49BD-BF68-302115A9627C}.Release|Any CPU.ActiveCfg = Release|Any CPU
		{A2020207-DA65-49BD-BF68-302115A9627C}.Release|Any CPU.Build.0 = Release|Any CPU
		{84A7154A-9DA7-4D60-9F32-FD02080B1050}.Debug|Any CPU.ActiveCfg = Debug|Any CPU
		{84A7154A-9DA7-4D60-9F32-FD02080B1050}.Debug|Any CPU.Build.0 = Debug|Any CPU
		{84A7154A-9DA7-4D60-9F32-FD02080B1050}.Release|Any CPU.ActiveCfg = Release|Any CPU
		{84A7154A-9DA7-4D60-9F32-FD02080B1050}.Release|Any CPU.Build.0 = Release|Any CPU
		{4103B8EC-AFE3-4EA9-A3F6-A50DB07471CF}.Debug|Any CPU.ActiveCfg = Debug|Any CPU
		{4103B8EC-AFE3-4EA9-A3F6-A50DB07471CF}.Debug|Any CPU.Build.0 = Debug|Any CPU
		{4103B8EC-AFE3-4EA9-A3F6-A50DB07471CF}.Release|Any CPU.ActiveCfg = Release|Any CPU
		{4103B8EC-AFE3-4EA9-A3F6-A50DB07471CF}.Release|Any CPU.Build.0 = Release|Any CPU
		{356A1896-67BF-4FCF-98A9-634E64C90CA9}.Debug|Any CPU.ActiveCfg = Debug|Any CPU
		{356A1896-67BF-4FCF-98A9-634E64C90CA9}.Debug|Any CPU.Build.0 = Debug|Any CPU
		{356A1896-67BF-4FCF-98A9-634E64C90CA9}.Release|Any CPU.ActiveCfg = Release|Any CPU
		{356A1896-67BF-4FCF-98A9-634E64C90CA9}.Release|Any CPU.Build.0 = Release|Any CPU
	EndGlobalSection
EndGlobal
