
Microsoft Visual Studio Solution File, Format Version 12.00
# Visual Studio Version 17
VisualStudioVersion = 17.0.31903.59
MinimumVisualStudioVersion = 10.0.40219.1
Project("{FAE04EC0-301F-11D3-BF4B-00C04F79EFBC}") = "Task1", "Task1\Task1.csproj", "{3B38D40C-744D-42F2-9027-50640AA3DA0F}"
EndProject
Project("{FAE04EC0-301F-11D3-BF4B-00C04F79EFBC}") = "Task2", "Task2\Task2.csproj", "{277E0F34-145A-4576-B227-EC4A83FC7AE8}"
EndProject
Project("{FAE04EC0-301F-11D3-BF4B-00C04F79EFBC}") = "Task3", "Task3\Task3.csproj", "{FEF0DCAA-6B57-42D8-9230-0912CF33DF3B}"
EndProject
Project("{FAE04EC0-301F-11D3-BF4B-00C04F79EFBC}") = "Task4", "Task4\Task4.csproj", "{040CF5C2-527F-4AE4-9E3C-C36CF5617567}"
EndProject
Project("{FAE04EC0-301F-11D3-BF4B-00C04F79EFBC}") = "Task5", "Task5\Task5.csproj", "{14F1342D-9582-4279-9D4C-C9670DEB5F3A}"
EndProject
Project("{FAE04EC0-301F-11D3-BF4B-00C04F79EFBC}") = "Task6", "Task6\Task6.csproj", "{5283227A-0050-4BEF-9A5E-C9F26F81257D}"
EndProject
Global
	GlobalSection(SolutionConfigurationPlatforms) = preSolution
		Debug|Any CPU = Debug|Any CPU
		Debug|x64 = Debug|x64
		Debug|x86 = Debug|x86
		Release|Any CPU = Release|Any CPU
		Release|x64 = Release|x64
		Release|x86 = Release|x86
	EndGlobalSection
	GlobalSection(ProjectConfigurationPlatforms) = postSolution
		{3B38D40C-744D-42F2-9027-50640AA3DA0F}.Debug|Any CPU.ActiveCfg = Debug|Any CPU
		{3B38D40C-744D-42F2-9027-50640AA3DA0F}.Debug|Any CPU.Build.0 = Debug|Any CPU
		{3B38D40C-744D-42F2-9027-50640AA3DA0F}.Debug|x64.ActiveCfg = Debug|Any CPU
		{3B38D40C-744D-42F2-9027-50640AA3DA0F}.Debug|x64.Build.0 = Debug|Any CPU
		{3B38D40C-744D-42F2-9027-50640AA3DA0F}.Debug|x86.ActiveCfg = Debug|Any CPU
		{3B38D40C-744D-42F2-9027-50640AA3DA0F}.Debug|x86.Build.0 = Debug|Any CPU
		{3B38D40C-744D-42F2-9027-50640AA3DA0F}.Release|Any CPU.ActiveCfg = Release|Any CPU
		{3B38D40C-744D-42F2-9027-50640AA3DA0F}.Release|Any CPU.Build.0 = Release|Any CPU
		{3B38D40C-744D-42F2-9027-50640AA3DA0F}.Release|x64.ActiveCfg = Release|Any CPU
		{3B38D40C-744D-42F2-9027-50640AA3DA0F}.Release|x64.Build.0 = Release|Any CPU
		{3B38D40C-744D-42F2-9027-50640AA3DA0F}.Release|x86.ActiveCfg = Release|Any CPU
		{3B38D40C-744D-42F2-9027-50640AA3DA0F}.Release|x86.Build.0 = Release|Any CPU
		{277E0F34-145A-4576-B227-EC4A83FC7AE8}.Debug|Any CPU.ActiveCfg = Debug|Any CPU
		{277E0F34-145A-4576-B227-EC4A83FC7AE8}.Debug|Any CPU.Build.0 = Debug|Any CPU
		{277E0F34-145A-4576-B227-EC4A83FC7AE8}.Debug|x64.ActiveCfg = Debug|Any CPU
		{277E0F34-145A-4576-B227-EC4A83FC7AE8}.Debug|x64.Build.0 = Debug|Any CPU
		{277E0F34-145A-4576-B227-EC4A83FC7AE8}.Debug|x86.ActiveCfg = Debug|Any CPU
		{277E0F34-145A-4576-B227-EC4A83FC7AE8}.Debug|x86.Build.0 = Debug|Any CPU
		{277E0F34-145A-4576-B227-EC4A83FC7AE8}.Release|Any CPU.ActiveCfg = Release|Any CPU
		{277E0F34-145A-4576-B227-EC4A83FC7AE8}.Release|Any CPU.Build.0 = Release|Any CPU
		{277E0F34-145A-4576-B227-EC4A83FC7AE8}.Release|x64.ActiveCfg = Release|Any CPU
		{277E0F34-145A-4576-B227-EC4A83FC7AE8}.Release|x64.Build.0 = Release|Any CPU
		{277E0F34-145A-4576-B227-EC4A83FC7AE8}.Release|x86.ActiveCfg = Release|Any CPU
		{277E0F34-145A-4576-B227-EC4A83FC7AE8}.Release|x86.Build.0 = Release|Any CPU
		{FEF0DCAA-6B57-42D8-9230-0912CF33DF3B}.Debug|Any CPU.ActiveCfg = Debug|Any CPU
		{FEF0DCAA-6B57-42D8-9230-0912CF33DF3B}.Debug|Any CPU.Build.0 = Debug|Any CPU
		{FEF0DCAA-6B57-42D8-9230-0912CF33DF3B}.Debug|x64.ActiveCfg = Debug|Any CPU
		{FEF0DCAA-6B57-42D8-9230-0912CF33DF3B}.Debug|x64.Build.0 = Debug|Any CPU
		{FEF0DCAA-6B57-42D8-9230-0912CF33DF3B}.Debug|x86.ActiveCfg = Debug|Any CPU
		{FEF0DCAA-6B57-42D8-9230-0912CF33DF3B}.Debug|x86.Build.0 = Debug|Any CPU
		{FEF0DCAA-6B57-42D8-9230-0912CF33DF3B}.Release|Any CPU.ActiveCfg = Release|Any CPU
		{FEF0DCAA-6B57-42D8-9230-0912CF33DF3B}.Release|Any CPU.Build.0 = Release|Any CPU
		{FEF0DCAA-6B57-42D8-9230-0912CF33DF3B}.Release|x64.ActiveCfg = Release|Any CPU
		{FEF0DCAA-6B57-42D8-9230-0912CF33DF3B}.Release|x64.Build.0 = Release|Any CPU
		{FEF0DCAA-6B57-42D8-9230-0912CF33DF3B}.Release|x86.ActiveCfg = Release|Any CPU
		{FEF0DCAA-6B57-42D8-9230-0912CF33DF3B}.Release|x86.Build.0 = Release|Any CPU
		{040CF5C2-527F-4AE4-9E3C-C36CF5617567}.Debug|Any CPU.ActiveCfg = Debug|Any CPU
		{040CF5C2-527F-4AE4-9E3C-C36CF5617567}.Debug|Any CPU.Build.0 = Debug|Any CPU
		{040CF5C2-527F-4AE4-9E3C-C36CF5617567}.Debug|x64.ActiveCfg = Debug|Any CPU
		{040CF5C2-527F-4AE4-9E3C-C36CF5617567}.Debug|x64.Build.0 = Debug|Any CPU
		{040CF5C2-527F-4AE4-9E3C-C36CF5617567}.Debug|x86.ActiveCfg = Debug|Any CPU
		{040CF5C2-527F-4AE4-9E3C-C36CF5617567}.Debug|x86.Build.0 = Debug|Any CPU
		{040CF5C2-527F-4AE4-9E3C-C36CF5617567}.Release|Any CPU.ActiveCfg = Release|Any CPU
		{040CF5C2-527F-4AE4-9E3C-C36CF5617567}.Release|Any CPU.Build.0 = Release|Any CPU
		{040CF5C2-527F-4AE4-9E3C-C36CF5617567}.Release|x64.ActiveCfg = Release|Any CPU
		{040CF5C2-527F-4AE4-9E3C-C36CF5617567}.Release|x64.Build.0 = Release|Any CPU
		{040CF5C2-527F-4AE4-9E3C-C36CF5617567}.Release|x86.ActiveCfg = Release|Any CPU
		{040CF5C2-527F-4AE4-9E3C-C36CF5617567}.Release|x86.Build.0 = Release|Any CPU
		{14F1342D-9582-4279-9D4C-C9670DEB5F3A}.Debug|Any CPU.ActiveCfg = Debug|Any CPU
		{14F1342D-9582-4279-9D4C-C9670DEB5F3A}.Debug|Any CPU.Build.0 = Debug|Any CPU
		{14F1342D-9582-4279-9D4C-C9670DEB5F3A}.Debug|x64.ActiveCfg = Debug|Any CPU
		{14F1342D-9582-4279-9D4C-C9670DEB5F3A}.Debug|x64.Build.0 = Debug|Any CPU
		{14F1342D-9582-4279-9D4C-C9670DEB5F3A}.Debug|x86.ActiveCfg = Debug|Any CPU
		{14F1342D-9582-4279-9D4C-C9670DEB5F3A}.Debug|x86.Build.0 = Debug|Any CPU
		{14F1342D-9582-4279-9D4C-C9670DEB5F3A}.Release|Any CPU.ActiveCfg = Release|Any CPU
		{14F1342D-9582-4279-9D4C-C9670DEB5F3A}.Release|Any CPU.Build.0 = Release|Any CPU
		{14F1342D-9582-4279-9D4C-C9670DEB5F3A}.Release|x64.ActiveCfg = Release|Any CPU
		{14F1342D-9582-4279-9D4C-C9670DEB5F3A}.Release|x64.Build.0 = Release|Any CPU
		{14F1342D-9582-4279-9D4C-C9670DEB5F3A}.Release|x86.ActiveCfg = Release|Any CPU
		{14F1342D-9582-4279-9D4C-C9670DEB5F3A}.Release|x86.Build.0 = Release|Any CPU
		{5283227A-0050-4BEF-9A5E-C9F26F81257D}.Debug|Any CPU.ActiveCfg = Debug|Any CPU
		{5283227A-0050-4BEF-9A5E-C9F26F81257D}.Debug|Any CPU.Build.0 = Debug|Any CPU
		{5283227A-0050-4BEF-9A5E-C9F26F81257D}.Debug|x64.ActiveCfg = Debug|Any CPU
		{5283227A-0050-4BEF-9A5E-C9F26F81257D}.Debug|x64.Build.0 = Debug|Any CPU
		{5283227A-0050-4BEF-9A5E-C9F26F81257D}.Debug|x86.ActiveCfg = Debug|Any CPU
		{5283227A-0050-4BEF-9A5E-C9F26F81257D}.Debug|x86.Build.0 = Debug|Any CPU
		{5283227A-0050-4BEF-9A5E-C9F26F81257D}.Release|Any CPU.ActiveCfg = Release|Any CPU
		{5283227A-0050-4BEF-9A5E-C9F26F81257D}.Release|Any CPU.Build.0 = Release|Any CPU
		{5283227A-0050-4BEF-9A5E-C9F26F81257D}.Release|x64.ActiveCfg = Release|Any CPU
		{5283227A-0050-4BEF-9A5E-C9F26F81257D}.Release|x64.Build.0 = Release|Any CPU
		{5283227A-0050-4BEF-9A5E-C9F26F81257D}.Release|x86.ActiveCfg = Release|Any CPU
		{5283227A-0050-4BEF-9A5E-C9F26F81257D}.Release|x86.Build.0 = Release|Any CPU
	EndGlobalSection
	GlobalSection(SolutionProperties) = preSolution
		HideSolutionNode = FALSE
	EndGlobalSection
EndGlobal
